// !$*UTF8*$!
{
	archiveVersion = 1;
	classes = {
	};
	objectVersion = 50;
	objects = {

/* Begin PBXBuildFile section */
		291BF6A822BA824E009ACCF8 /* AppDelegate.swift in Sources */ = {isa = PBXBuildFile; fileRef = 291BF6A722BA824E009ACCF8 /* AppDelegate.swift */; };
		291BF6AA22BA824E009ACCF8 /* MusicPlayerVC.swift in Sources */ = {isa = PBXBuildFile; fileRef = 291BF6A922BA824E009ACCF8 /* MusicPlayerVC.swift */; };
		291BF6AD22BA824E009ACCF8 /* Main.storyboard in Resources */ = {isa = PBXBuildFile; fileRef = 291BF6AB22BA824E009ACCF8 /* Main.storyboard */; };
		291BF6AF22BA824F009ACCF8 /* Assets.xcassets in Resources */ = {isa = PBXBuildFile; fileRef = 291BF6AE22BA824F009ACCF8 /* Assets.xcassets */; };
		291BF6B222BA824F009ACCF8 /* LaunchScreen.storyboard in Resources */ = {isa = PBXBuildFile; fileRef = 291BF6B022BA824F009ACCF8 /* LaunchScreen.storyboard */; };
		291BF6C722BAD358009ACCF8 /* DataController.swift in Sources */ = {isa = PBXBuildFile; fileRef = 291BF6C622BAD358009ACCF8 /* DataController.swift */; };
		291BF6C922BAD3C4009ACCF8 /* SongListVC.swift in Sources */ = {isa = PBXBuildFile; fileRef = 291BF6C822BAD3C4009ACCF8 /* SongListVC.swift */; };
		291BF6CB22BAD3E8009ACCF8 /* LoginVC.swift in Sources */ = {isa = PBXBuildFile; fileRef = 291BF6CA22BAD3E8009ACCF8 /* LoginVC.swift */; };
		291BF6CD22BAD5CC009ACCF8 /* PlaylistCollectionVC.swift in Sources */ = {isa = PBXBuildFile; fileRef = 291BF6CC22BAD5CC009ACCF8 /* PlaylistCollectionVC.swift */; };
		291BF6CF22BAD61D009ACCF8 /* Error.swift in Sources */ = {isa = PBXBuildFile; fileRef = 291BF6CE22BAD61D009ACCF8 /* Error.swift */; };
		293B868222D50F1800ACDA78 /* GGMusic.xcdatamodeld in Sources */ = {isa = PBXBuildFile; fileRef = 293B868022D50F1800ACDA78 /* GGMusic.xcdatamodeld */; };
		29A7D50922D8296500A166B9 /* AuthKey_B4AA2JUBGC.p8 in Resources */ = {isa = PBXBuildFile; fileRef = 29A7D50822D8296500A166B9 /* AuthKey_B4AA2JUBGC.p8 */; };
		29A7D50D22D82C9900A166B9 /* Podfile in Resources */ = {isa = PBXBuildFile; fileRef = 29A7D50C22D82C9900A166B9 /* Podfile */; };
		29A7D51022D8302600A166B9 /* MusicKitConfig.swift in Sources */ = {isa = PBXBuildFile; fileRef = 29A7D50F22D8302600A166B9 /* MusicKitConfig.swift */; };
		29A7D51222DC22A400A166B9 /* MusicKitSetup.swift in Sources */ = {isa = PBXBuildFile; fileRef = 29A7D51122DC22A400A166B9 /* MusicKitSetup.swift */; };
		29A7D51422DEC85800A166B9 /* MKPlaylist.swift in Sources */ = {isa = PBXBuildFile; fileRef = 29A7D51322DEC85800A166B9 /* MKPlaylist.swift */; };
		29A7D51622DECB0100A166B9 /* MKPlaylistClient.swift in Sources */ = {isa = PBXBuildFile; fileRef = 29A7D51522DECB0100A166B9 /* MKPlaylistClient.swift */; };
		29A7D51822DECB2300A166B9 /* MKConstants.swift in Sources */ = {isa = PBXBuildFile; fileRef = 29A7D51722DECB2300A166B9 /* MKConstants.swift */; };
		29A7D51A22DECF9A00A166B9 /* MKClient.swift in Sources */ = {isa = PBXBuildFile; fileRef = 29A7D51922DECF9A00A166B9 /* MKClient.swift */; };
		29A7D51C22DED64300A166B9 /* MKPlaylistClientSupport.swift in Sources */ = {isa = PBXBuildFile; fileRef = 29A7D51B22DED64300A166B9 /* MKPlaylistClientSupport.swift */; };
		29A7D51E22E0E4B500A166B9 /* PlaylistState.swift in Sources */ = {isa = PBXBuildFile; fileRef = 29A7D51D22E0E4B500A166B9 /* PlaylistState.swift */; };
		29A7D52022E167DB00A166B9 /* MKTrack.swift in Sources */ = {isa = PBXBuildFile; fileRef = 29A7D51F22E167DB00A166B9 /* MKTrack.swift */; };
		29A7D52222E1686300A166B9 /* MKArtwork.swift in Sources */ = {isa = PBXBuildFile; fileRef = 29A7D52122E1686300A166B9 /* MKArtwork.swift */; };
		29A7D52422E168B200A166B9 /* MKTrackClient.swift in Sources */ = {isa = PBXBuildFile; fileRef = 29A7D52322E168B200A166B9 /* MKTrackClient.swift */; };
		29A7D52622E169CE00A166B9 /* MKTrackClientSupport.swift in Sources */ = {isa = PBXBuildFile; fileRef = 29A7D52522E169CE00A166B9 /* MKTrackClientSupport.swift */; };
		66E784766AF982D425309805 /* libPods-GGMusic.a in Frameworks */ = {isa = PBXBuildFile; fileRef = 867961AFDD9E7547DA502CA9 /* libPods-GGMusic.a */; };
/* End PBXBuildFile section */

/* Begin PBXFileReference section */
		291BF6A422BA824E009ACCF8 /* GGMusic.app */ = {isa = PBXFileReference; explicitFileType = wrapper.application; includeInIndex = 0; path = GGMusic.app; sourceTree = BUILT_PRODUCTS_DIR; };
		291BF6A722BA824E009ACCF8 /* AppDelegate.swift */ = {isa = PBXFileReference; lastKnownFileType = sourcecode.swift; path = AppDelegate.swift; sourceTree = "<group>"; };
		291BF6A922BA824E009ACCF8 /* MusicPlayerVC.swift */ = {isa = PBXFileReference; lastKnownFileType = sourcecode.swift; path = MusicPlayerVC.swift; sourceTree = "<group>"; };
		291BF6AC22BA824E009ACCF8 /* Base */ = {isa = PBXFileReference; lastKnownFileType = file.storyboard; name = Base; path = Base.lproj/Main.storyboard; sourceTree = "<group>"; };
		291BF6AE22BA824F009ACCF8 /* Assets.xcassets */ = {isa = PBXFileReference; lastKnownFileType = folder.assetcatalog; path = Assets.xcassets; sourceTree = "<group>"; };
		291BF6B122BA824F009ACCF8 /* Base */ = {isa = PBXFileReference; lastKnownFileType = file.storyboard; name = Base; path = Base.lproj/LaunchScreen.storyboard; sourceTree = "<group>"; };
		291BF6B322BA824F009ACCF8 /* Info.plist */ = {isa = PBXFileReference; lastKnownFileType = text.plist.xml; path = Info.plist; sourceTree = "<group>"; };
		291BF6C622BAD358009ACCF8 /* DataController.swift */ = {isa = PBXFileReference; lastKnownFileType = sourcecode.swift; path = DataController.swift; sourceTree = "<group>"; };
		291BF6C822BAD3C4009ACCF8 /* SongListVC.swift */ = {isa = PBXFileReference; lastKnownFileType = sourcecode.swift; path = SongListVC.swift; sourceTree = "<group>"; };
		291BF6CA22BAD3E8009ACCF8 /* LoginVC.swift */ = {isa = PBXFileReference; lastKnownFileType = sourcecode.swift; path = LoginVC.swift; sourceTree = "<group>"; };
		291BF6CC22BAD5CC009ACCF8 /* PlaylistCollectionVC.swift */ = {isa = PBXFileReference; lastKnownFileType = sourcecode.swift; path = PlaylistCollectionVC.swift; sourceTree = "<group>"; };
		291BF6CE22BAD61D009ACCF8 /* Error.swift */ = {isa = PBXFileReference; lastKnownFileType = sourcecode.swift; path = Error.swift; sourceTree = "<group>"; };
		293B868122D50F1800ACDA78 /* GGMusic.xcdatamodel */ = {isa = PBXFileReference; lastKnownFileType = wrapper.xcdatamodel; path = GGMusic.xcdatamodel; sourceTree = "<group>"; };
		29A7D50822D8296500A166B9 /* AuthKey_B4AA2JUBGC.p8 */ = {isa = PBXFileReference; fileEncoding = 4; lastKnownFileType = text; path = AuthKey_B4AA2JUBGC.p8; sourceTree = "<group>"; };
		29A7D50C22D82C9900A166B9 /* Podfile */ = {isa = PBXFileReference; lastKnownFileType = text; path = Podfile; sourceTree = "<group>"; };
		29A7D50F22D8302600A166B9 /* MusicKitConfig.swift */ = {isa = PBXFileReference; lastKnownFileType = sourcecode.swift; path = MusicKitConfig.swift; sourceTree = "<group>"; };
		29A7D51122DC22A400A166B9 /* MusicKitSetup.swift */ = {isa = PBXFileReference; lastKnownFileType = sourcecode.swift; path = MusicKitSetup.swift; sourceTree = "<group>"; };
		29A7D51322DEC85800A166B9 /* MKPlaylist.swift */ = {isa = PBXFileReference; lastKnownFileType = sourcecode.swift; path = MKPlaylist.swift; sourceTree = "<group>"; };
		29A7D51522DECB0100A166B9 /* MKPlaylistClient.swift */ = {isa = PBXFileReference; lastKnownFileType = sourcecode.swift; path = MKPlaylistClient.swift; sourceTree = "<group>"; };
		29A7D51722DECB2300A166B9 /* MKConstants.swift */ = {isa = PBXFileReference; lastKnownFileType = sourcecode.swift; path = MKConstants.swift; sourceTree = "<group>"; };
		29A7D51922DECF9A00A166B9 /* MKClient.swift */ = {isa = PBXFileReference; lastKnownFileType = sourcecode.swift; path = MKClient.swift; sourceTree = "<group>"; };
		29A7D51B22DED64300A166B9 /* MKPlaylistClientSupport.swift */ = {isa = PBXFileReference; lastKnownFileType = sourcecode.swift; path = MKPlaylistClientSupport.swift; sourceTree = "<group>"; };
		29A7D51D22E0E4B500A166B9 /* PlaylistState.swift */ = {isa = PBXFileReference; lastKnownFileType = sourcecode.swift; path = PlaylistState.swift; sourceTree = "<group>"; };
		29A7D51F22E167DB00A166B9 /* MKTrack.swift */ = {isa = PBXFileReference; lastKnownFileType = sourcecode.swift; path = MKTrack.swift; sourceTree = "<group>"; };
		29A7D52122E1686300A166B9 /* MKArtwork.swift */ = {isa = PBXFileReference; lastKnownFileType = sourcecode.swift; path = MKArtwork.swift; sourceTree = "<group>"; };
		29A7D52322E168B200A166B9 /* MKTrackClient.swift */ = {isa = PBXFileReference; lastKnownFileType = sourcecode.swift; path = MKTrackClient.swift; sourceTree = "<group>"; };
		29A7D52522E169CE00A166B9 /* MKTrackClientSupport.swift */ = {isa = PBXFileReference; lastKnownFileType = sourcecode.swift; path = MKTrackClientSupport.swift; sourceTree = "<group>"; };
		66CD4571B44E2D7F21BF2B84 /* Pods-GGMusic.debug.xcconfig */ = {isa = PBXFileReference; includeInIndex = 1; lastKnownFileType = text.xcconfig; name = "Pods-GGMusic.debug.xcconfig"; path = "Target Support Files/Pods-GGMusic/Pods-GGMusic.debug.xcconfig"; sourceTree = "<group>"; };
		867961AFDD9E7547DA502CA9 /* libPods-GGMusic.a */ = {isa = PBXFileReference; explicitFileType = archive.ar; includeInIndex = 0; path = "libPods-GGMusic.a"; sourceTree = BUILT_PRODUCTS_DIR; };
		BFF19C86E7FBC66821BFE76B /* Pods-GGMusic.release.xcconfig */ = {isa = PBXFileReference; includeInIndex = 1; lastKnownFileType = text.xcconfig; name = "Pods-GGMusic.release.xcconfig"; path = "Target Support Files/Pods-GGMusic/Pods-GGMusic.release.xcconfig"; sourceTree = "<group>"; };
/* End PBXFileReference section */

/* Begin PBXFrameworksBuildPhase section */
		291BF6A122BA824E009ACCF8 /* Frameworks */ = {
			isa = PBXFrameworksBuildPhase;
			buildActionMask = 2147483647;
			files = (
				66E784766AF982D425309805 /* libPods-GGMusic.a in Frameworks */,
			);
			runOnlyForDeploymentPostprocessing = 0;
		};
/* End PBXFrameworksBuildPhase section */

/* Begin PBXGroup section */
		1555B53EF5D46D8FEAD33DD9 /* Pods */ = {
			isa = PBXGroup;
			children = (
				66CD4571B44E2D7F21BF2B84 /* Pods-GGMusic.debug.xcconfig */,
				BFF19C86E7FBC66821BFE76B /* Pods-GGMusic.release.xcconfig */,
			);
			path = Pods;
			sourceTree = "<group>";
		};
		2913E93822BC82FF009BD4F8 /* Frameworks */ = {
			isa = PBXGroup;
			children = (
				867961AFDD9E7547DA502CA9 /* libPods-GGMusic.a */,
			);
			path = Frameworks;
			sourceTree = "<group>";
		};
		291BF69B22BA824E009ACCF8 = {
			isa = PBXGroup;
			children = (
				29A7D50E22D82FE700A166B9 /* MusicKit */,
				29A7D50C22D82C9900A166B9 /* Podfile */,
				291BF6A622BA824E009ACCF8 /* GGMusic */,
				291BF6A522BA824E009ACCF8 /* Products */,
				2913E93822BC82FF009BD4F8 /* Frameworks */,
				1555B53EF5D46D8FEAD33DD9 /* Pods */,
			);
			sourceTree = "<group>";
		};
		291BF6A522BA824E009ACCF8 /* Products */ = {
			isa = PBXGroup;
			children = (
				291BF6A422BA824E009ACCF8 /* GGMusic.app */,
			);
			name = Products;
			sourceTree = "<group>";
		};
		291BF6A622BA824E009ACCF8 /* GGMusic */ = {
			isa = PBXGroup;
			children = (
				291BF6A722BA824E009ACCF8 /* AppDelegate.swift */,
				291BF6C522BAD32B009ACCF8 /* Controller */,
				291BF6C422BAD2EA009ACCF8 /* View */,
				291BF6C322BAD2E1009ACCF8 /* Model */,
			);
			path = GGMusic;
			sourceTree = "<group>";
		};
		291BF6C322BAD2E1009ACCF8 /* Model */ = {
			isa = PBXGroup;
			children = (
				291BF6B322BA824F009ACCF8 /* Info.plist */,
				291BF6C622BAD358009ACCF8 /* DataController.swift */,
				291BF6CE22BAD61D009ACCF8 /* Error.swift */,
				293B868022D50F1800ACDA78 /* GGMusic.xcdatamodeld */,
			);
			path = Model;
			sourceTree = "<group>";
		};
		291BF6C422BAD2EA009ACCF8 /* View */ = {
			isa = PBXGroup;
			children = (
				291BF6AB22BA824E009ACCF8 /* Main.storyboard */,
				291BF6AE22BA824F009ACCF8 /* Assets.xcassets */,
				291BF6B022BA824F009ACCF8 /* LaunchScreen.storyboard */,
			);
			path = View;
			sourceTree = "<group>";
		};
		291BF6C522BAD32B009ACCF8 /* Controller */ = {
			isa = PBXGroup;
			children = (
				291BF6A922BA824E009ACCF8 /* MusicPlayerVC.swift */,
				291BF6C822BAD3C4009ACCF8 /* SongListVC.swift */,
				291BF6CC22BAD5CC009ACCF8 /* PlaylistCollectionVC.swift */,
				29A7D51D22E0E4B500A166B9 /* PlaylistState.swift */,
				291BF6CA22BAD3E8009ACCF8 /* LoginVC.swift */,
			);
			path = Controller;
			sourceTree = "<group>";
		};
		29A7D50E22D82FE700A166B9 /* MusicKit */ = {
			isa = PBXGroup;
			children = (
				29A7D50822D8296500A166B9 /* AuthKey_B4AA2JUBGC.p8 */,
				29A7D50F22D8302600A166B9 /* MusicKitConfig.swift */,
				29A7D51122DC22A400A166B9 /* MusicKitSetup.swift */,
				29A7D51322DEC85800A166B9 /* MKPlaylist.swift */,
				29A7D51522DECB0100A166B9 /* MKPlaylistClient.swift */,
				29A7D51722DECB2300A166B9 /* MKConstants.swift */,
				29A7D51922DECF9A00A166B9 /* MKClient.swift */,
				29A7D51B22DED64300A166B9 /* MKPlaylistClientSupport.swift */,
				29A7D51F22E167DB00A166B9 /* MKTrack.swift */,
				29A7D52122E1686300A166B9 /* MKArtwork.swift */,
				29A7D52322E168B200A166B9 /* MKTrackClient.swift */,
				29A7D52522E169CE00A166B9 /* MKTrackClientSupport.swift */,
			);
			path = MusicKit;
			sourceTree = "<group>";
		};
/* End PBXGroup section */

/* Begin PBXNativeTarget section */
		291BF6A322BA824E009ACCF8 /* GGMusic */ = {
			isa = PBXNativeTarget;
			buildConfigurationList = 291BF6B622BA824F009ACCF8 /* Build configuration list for PBXNativeTarget "GGMusic" */;
			buildPhases = (
				273D6C420EDCD27B33127E75 /* [CP] Check Pods Manifest.lock */,
				291BF6A022BA824E009ACCF8 /* Sources */,
				291BF6A122BA824E009ACCF8 /* Frameworks */,
				291BF6A222BA824E009ACCF8 /* Resources */,
			);
			buildRules = (
			);
			dependencies = (
			);
			name = GGMusic;
			productName = GGMusic;
			productReference = 291BF6A422BA824E009ACCF8 /* GGMusic.app */;
			productType = "com.apple.product-type.application";
		};
/* End PBXNativeTarget section */

/* Begin PBXProject section */
		291BF69C22BA824E009ACCF8 /* Project object */ = {
			isa = PBXProject;
			attributes = {
				LastSwiftUpdateCheck = 1010;
				LastUpgradeCheck = 1010;
				ORGANIZATIONNAME = "Sarah Rebecca Estrellado";
				TargetAttributes = {
					291BF6A322BA824E009ACCF8 = {
						CreatedOnToolsVersion = 10.1;
					};
				};
			};
			buildConfigurationList = 291BF69F22BA824E009ACCF8 /* Build configuration list for PBXProject "GGMusic" */;
			compatibilityVersion = "Xcode 9.3";
			developmentRegion = en;
			hasScannedForEncodings = 0;
			knownRegions = (
				en,
				Base,
			);
			mainGroup = 291BF69B22BA824E009ACCF8;
			productRefGroup = 291BF6A522BA824E009ACCF8 /* Products */;
			projectDirPath = "";
			projectRoot = "";
			targets = (
				291BF6A322BA824E009ACCF8 /* GGMusic */,
			);
		};
/* End PBXProject section */

/* Begin PBXResourcesBuildPhase section */
		291BF6A222BA824E009ACCF8 /* Resources */ = {
			isa = PBXResourcesBuildPhase;
			buildActionMask = 2147483647;
			files = (
				29A7D50D22D82C9900A166B9 /* Podfile in Resources */,
				291BF6B222BA824F009ACCF8 /* LaunchScreen.storyboard in Resources */,
				291BF6AF22BA824F009ACCF8 /* Assets.xcassets in Resources */,
				29A7D50922D8296500A166B9 /* AuthKey_B4AA2JUBGC.p8 in Resources */,
				291BF6AD22BA824E009ACCF8 /* Main.storyboard in Resources */,
			);
			runOnlyForDeploymentPostprocessing = 0;
		};
/* End PBXResourcesBuildPhase section */

/* Begin PBXShellScriptBuildPhase section */
		273D6C420EDCD27B33127E75 /* [CP] Check Pods Manifest.lock */ = {
			isa = PBXShellScriptBuildPhase;
			buildActionMask = 2147483647;
			files = (
			);
			inputFileListPaths = (
			);
			inputPaths = (
				"${PODS_PODFILE_DIR_PATH}/Podfile.lock",
				"${PODS_ROOT}/Manifest.lock",
			);
			name = "[CP] Check Pods Manifest.lock";
			outputFileListPaths = (
			);
			outputPaths = (
				"$(DERIVED_FILE_DIR)/Pods-GGMusic-checkManifestLockResult.txt",
			);
			runOnlyForDeploymentPostprocessing = 0;
			shellPath = /bin/sh;
			shellScript = "diff \"${PODS_PODFILE_DIR_PATH}/Podfile.lock\" \"${PODS_ROOT}/Manifest.lock\" > /dev/null\nif [ $? != 0 ] ; then\n    # print error to STDERR\n    echo \"error: The sandbox is not in sync with the Podfile.lock. Run 'pod install' or update your CocoaPods installation.\" >&2\n    exit 1\nfi\n# This output is used by Xcode 'outputs' to avoid re-running this script phase.\necho \"SUCCESS\" > \"${SCRIPT_OUTPUT_FILE_0}\"\n";
			showEnvVarsInLog = 0;
		};
/* End PBXShellScriptBuildPhase section */

/* Begin PBXSourcesBuildPhase section */
		291BF6A022BA824E009ACCF8 /* Sources */ = {
			isa = PBXSourcesBuildPhase;
			buildActionMask = 2147483647;
			files = (
				29A7D52022E167DB00A166B9 /* MKTrack.swift in Sources */,
				291BF6AA22BA824E009ACCF8 /* MusicPlayerVC.swift in Sources */,
				29A7D51E22E0E4B500A166B9 /* PlaylistState.swift in Sources */,
				29A7D51C22DED64300A166B9 /* MKPlaylistClientSupport.swift in Sources */,
				291BF6CD22BAD5CC009ACCF8 /* PlaylistCollectionVC.swift in Sources */,
				29A7D51A22DECF9A00A166B9 /* MKClient.swift in Sources */,
				29A7D52622E169CE00A166B9 /* MKTrackClientSupport.swift in Sources */,
				29A7D52422E168B200A166B9 /* MKTrackClient.swift in Sources */,
				291BF6C722BAD358009ACCF8 /* DataController.swift in Sources */,
				291BF6CB22BAD3E8009ACCF8 /* LoginVC.swift in Sources */,
				29A7D52222E1686300A166B9 /* MKArtwork.swift in Sources */,
				29A7D51422DEC85800A166B9 /* MKPlaylist.swift in Sources */,
				291BF6A822BA824E009ACCF8 /* AppDelegate.swift in Sources */,
				291BF6C922BAD3C4009ACCF8 /* SongListVC.swift in Sources */,
				29A7D51222DC22A400A166B9 /* MusicKitSetup.swift in Sources */,
				293B868222D50F1800ACDA78 /* GGMusic.xcdatamodeld in Sources */,
				291BF6CF22BAD61D009ACCF8 /* Error.swift in Sources */,
				29A7D51822DECB2300A166B9 /* MKConstants.swift in Sources */,
				29A7D51622DECB0100A166B9 /* MKPlaylistClient.swift in Sources */,
				29A7D51022D8302600A166B9 /* MusicKitConfig.swift in Sources */,
			);
			runOnlyForDeploymentPostprocessing = 0;
		};
/* End PBXSourcesBuildPhase section */

/* Begin PBXVariantGroup section */
		291BF6AB22BA824E009ACCF8 /* Main.storyboard */ = {
			isa = PBXVariantGroup;
			children = (
				291BF6AC22BA824E009ACCF8 /* Base */,
			);
			name = Main.storyboard;
			sourceTree = "<group>";
		};
		291BF6B022BA824F009ACCF8 /* LaunchScreen.storyboard */ = {
			isa = PBXVariantGroup;
			children = (
				291BF6B122BA824F009ACCF8 /* Base */,
			);
			name = LaunchScreen.storyboard;
			sourceTree = "<group>";
		};
/* End PBXVariantGroup section */

/* Begin XCBuildConfiguration section */
		291BF6B422BA824F009ACCF8 /* Debug */ = {
			isa = XCBuildConfiguration;
			buildSettings = {
				ALWAYS_SEARCH_USER_PATHS = NO;
				CLANG_ANALYZER_NONNULL = YES;
				CLANG_ANALYZER_NUMBER_OBJECT_CONVERSION = YES_AGGRESSIVE;
				CLANG_CXX_LANGUAGE_STANDARD = "gnu++14";
				CLANG_CXX_LIBRARY = "libc++";
				CLANG_ENABLE_MODULES = YES;
				CLANG_ENABLE_OBJC_ARC = YES;
				CLANG_ENABLE_OBJC_WEAK = YES;
				CLANG_WARN_BLOCK_CAPTURE_AUTORELEASING = YES;
				CLANG_WARN_BOOL_CONVERSION = YES;
				CLANG_WARN_COMMA = YES;
				CLANG_WARN_CONSTANT_CONVERSION = YES;
				CLANG_WARN_DEPRECATED_OBJC_IMPLEMENTATIONS = YES;
				CLANG_WARN_DIRECT_OBJC_ISA_USAGE = YES_ERROR;
				CLANG_WARN_DOCUMENTATION_COMMENTS = YES;
				CLANG_WARN_EMPTY_BODY = YES;
				CLANG_WARN_ENUM_CONVERSION = YES;
				CLANG_WARN_INFINITE_RECURSION = YES;
				CLANG_WARN_INT_CONVERSION = YES;
				CLANG_WARN_NON_LITERAL_NULL_CONVERSION = YES;
				CLANG_WARN_OBJC_IMPLICIT_RETAIN_SELF = YES;
				CLANG_WARN_OBJC_LITERAL_CONVERSION = YES;
				CLANG_WARN_OBJC_ROOT_CLASS = YES_ERROR;
				CLANG_WARN_RANGE_LOOP_ANALYSIS = YES;
				CLANG_WARN_STRICT_PROTOTYPES = YES;
				CLANG_WARN_SUSPICIOUS_MOVE = YES;
				CLANG_WARN_UNGUARDED_AVAILABILITY = YES_AGGRESSIVE;
				CLANG_WARN_UNREACHABLE_CODE = YES;
				CLANG_WARN__DUPLICATE_METHOD_MATCH = YES;
				CODE_SIGN_IDENTITY = "iPhone Developer";
				COPY_PHASE_STRIP = NO;
				DEBUG_INFORMATION_FORMAT = dwarf;
				ENABLE_STRICT_OBJC_MSGSEND = YES;
				ENABLE_TESTABILITY = YES;
				GCC_C_LANGUAGE_STANDARD = gnu11;
				GCC_DYNAMIC_NO_PIC = NO;
				GCC_NO_COMMON_BLOCKS = YES;
				GCC_OPTIMIZATION_LEVEL = 0;
				GCC_PREPROCESSOR_DEFINITIONS = (
					"DEBUG=1",
					"$(inherited)",
				);
				GCC_WARN_64_TO_32_BIT_CONVERSION = YES;
				GCC_WARN_ABOUT_RETURN_TYPE = YES_ERROR;
				GCC_WARN_UNDECLARED_SELECTOR = YES;
				GCC_WARN_UNINITIALIZED_AUTOS = YES_AGGRESSIVE;
				GCC_WARN_UNUSED_FUNCTION = YES;
				GCC_WARN_UNUSED_VARIABLE = YES;
				IPHONEOS_DEPLOYMENT_TARGET = 12.1;
				MTL_ENABLE_DEBUG_INFO = INCLUDE_SOURCE;
				MTL_FAST_MATH = YES;
				ONLY_ACTIVE_ARCH = YES;
				SDKROOT = iphoneos;
				SWIFT_ACTIVE_COMPILATION_CONDITIONS = DEBUG;
				SWIFT_OPTIMIZATION_LEVEL = "-Onone";
			};
			name = Debug;
		};
		291BF6B522BA824F009ACCF8 /* Release */ = {
			isa = XCBuildConfiguration;
			buildSettings = {
				ALWAYS_SEARCH_USER_PATHS = NO;
				CLANG_ANALYZER_NONNULL = YES;
				CLANG_ANALYZER_NUMBER_OBJECT_CONVERSION = YES_AGGRESSIVE;
				CLANG_CXX_LANGUAGE_STANDARD = "gnu++14";
				CLANG_CXX_LIBRARY = "libc++";
				CLANG_ENABLE_MODULES = YES;
				CLANG_ENABLE_OBJC_ARC = YES;
				CLANG_ENABLE_OBJC_WEAK = YES;
				CLANG_WARN_BLOCK_CAPTURE_AUTORELEASING = YES;
				CLANG_WARN_BOOL_CONVERSION = YES;
				CLANG_WARN_COMMA = YES;
				CLANG_WARN_CONSTANT_CONVERSION = YES;
				CLANG_WARN_DEPRECATED_OBJC_IMPLEMENTATIONS = YES;
				CLANG_WARN_DIRECT_OBJC_ISA_USAGE = YES_ERROR;
				CLANG_WARN_DOCUMENTATION_COMMENTS = YES;
				CLANG_WARN_EMPTY_BODY = YES;
				CLANG_WARN_ENUM_CONVERSION = YES;
				CLANG_WARN_INFINITE_RECURSION = YES;
				CLANG_WARN_INT_CONVERSION = YES;
				CLANG_WARN_NON_LITERAL_NULL_CONVERSION = YES;
				CLANG_WARN_OBJC_IMPLICIT_RETAIN_SELF = YES;
				CLANG_WARN_OBJC_LITERAL_CONVERSION = YES;
				CLANG_WARN_OBJC_ROOT_CLASS = YES_ERROR;
				CLANG_WARN_RANGE_LOOP_ANALYSIS = YES;
				CLANG_WARN_STRICT_PROTOTYPES = YES;
				CLANG_WARN_SUSPICIOUS_MOVE = YES;
				CLANG_WARN_UNGUARDED_AVAILABILITY = YES_AGGRESSIVE;
				CLANG_WARN_UNREACHABLE_CODE = YES;
				CLANG_WARN__DUPLICATE_METHOD_MATCH = YES;
				CODE_SIGN_IDENTITY = "iPhone Developer";
				COPY_PHASE_STRIP = NO;
				DEBUG_INFORMATION_FORMAT = "dwarf-with-dsym";
				ENABLE_NS_ASSERTIONS = NO;
				ENABLE_STRICT_OBJC_MSGSEND = YES;
				GCC_C_LANGUAGE_STANDARD = gnu11;
				GCC_NO_COMMON_BLOCKS = YES;
				GCC_WARN_64_TO_32_BIT_CONVERSION = YES;
				GCC_WARN_ABOUT_RETURN_TYPE = YES_ERROR;
				GCC_WARN_UNDECLARED_SELECTOR = YES;
				GCC_WARN_UNINITIALIZED_AUTOS = YES_AGGRESSIVE;
				GCC_WARN_UNUSED_FUNCTION = YES;
				GCC_WARN_UNUSED_VARIABLE = YES;
				IPHONEOS_DEPLOYMENT_TARGET = 12.1;
				MTL_ENABLE_DEBUG_INFO = NO;
				MTL_FAST_MATH = YES;
				SDKROOT = iphoneos;
				SWIFT_COMPILATION_MODE = wholemodule;
				SWIFT_OPTIMIZATION_LEVEL = "-O";
				VALIDATE_PRODUCT = YES;
			};
			name = Release;
		};
		291BF6B722BA824F009ACCF8 /* Debug */ = {
			isa = XCBuildConfiguration;
			baseConfigurationReference = 66CD4571B44E2D7F21BF2B84 /* Pods-GGMusic.debug.xcconfig */;
			buildSettings = {
				ASSETCATALOG_COMPILER_APPICON_NAME = AppIcon;
				CODE_SIGN_STYLE = Automatic;
				DEVELOPMENT_TEAM = 4VH6W5AH99;
				FRAMEWORK_SEARCH_PATHS = (
					"$(inherited)",
					"$(PROJECT_DIR)",
					"$(PROJECT_DIR)/Frameworks",
				);
				INFOPLIST_FILE = GGMusic/Model/Info.plist;
				LD_RUNPATH_SEARCH_PATHS = (
					"$(inherited)",
					"@executable_path/Frameworks",
				);
				ONLY_ACTIVE_ARCH = NO;
				PRECOMPS_INCLUDE_HEADERS_FROM_BUILT_PRODUCTS_DIR = YES;
				PRODUCT_BUNDLE_IDENTIFIER = com.sarahestrellado.dicee.GGMusic;
				PRODUCT_NAME = "$(TARGET_NAME)";
				SCAN_ALL_SOURCE_FILES_FOR_INCLUDES = NO;
				SWIFT_INSTALL_OBJC_HEADER = YES;
				SWIFT_OBJC_BRIDGING_HEADER = "";
				SWIFT_PRECOMPILE_BRIDGING_HEADER = YES;
				SWIFT_VERSION = 4.2;
				TARGETED_DEVICE_FAMILY = "1,2";
			};
			name = Debug;
		};
		291BF6B822BA824F009ACCF8 /* Release */ = {
			isa = XCBuildConfiguration;
			baseConfigurationReference = BFF19C86E7FBC66821BFE76B /* Pods-GGMusic.release.xcconfig */;
			buildSettings = {
				ASSETCATALOG_COMPILER_APPICON_NAME = AppIcon;
				CODE_SIGN_STYLE = Automatic;
				DEVELOPMENT_TEAM = 4VH6W5AH99;
				FRAMEWORK_SEARCH_PATHS = (
					"$(inherited)",
					"$(PROJECT_DIR)",
					"$(PROJECT_DIR)/Frameworks",
				);
				INFOPLIST_FILE = GGMusic/Model/Info.plist;
				LD_RUNPATH_SEARCH_PATHS = (
					"$(inherited)",
					"@executable_path/Frameworks",
				);
				ONLY_ACTIVE_ARCH = NO;
				PRECOMPS_INCLUDE_HEADERS_FROM_BUILT_PRODUCTS_DIR = YES;
				PRODUCT_BUNDLE_IDENTIFIER = com.sarahestrellado.dicee.GGMusic;
				PRODUCT_NAME = "$(TARGET_NAME)";
				SCAN_ALL_SOURCE_FILES_FOR_INCLUDES = NO;
				SWIFT_INSTALL_OBJC_HEADER = YES;
				SWIFT_OBJC_BRIDGING_HEADER = "";
				SWIFT_PRECOMPILE_BRIDGING_HEADER = YES;
				SWIFT_VERSION = 4.2;
				TARGETED_DEVICE_FAMILY = "1,2";
			};
			name = Release;
		};
/* End XCBuildConfiguration section */

/* Begin XCConfigurationList section */
		291BF69F22BA824E009ACCF8 /* Build configuration list for PBXProject "GGMusic" */ = {
			isa = XCConfigurationList;
			buildConfigurations = (
				291BF6B422BA824F009ACCF8 /* Debug */,
				291BF6B522BA824F009ACCF8 /* Release */,
			);
			defaultConfigurationIsVisible = 0;
			defaultConfigurationName = Release;
		};
		291BF6B622BA824F009ACCF8 /* Build configuration list for PBXNativeTarget "GGMusic" */ = {
			isa = XCConfigurationList;
			buildConfigurations = (
				291BF6B722BA824F009ACCF8 /* Debug */,
				291BF6B822BA824F009ACCF8 /* Release */,
			);
			defaultConfigurationIsVisible = 0;
			defaultConfigurationName = Release;
		};
/* End XCConfigurationList section */

/* Begin XCVersionGroup section */
		293B868022D50F1800ACDA78 /* GGMusic.xcdatamodeld */ = {
			isa = XCVersionGroup;
			children = (
				293B868122D50F1800ACDA78 /* GGMusic.xcdatamodel */,
			);
			currentVersion = 293B868122D50F1800ACDA78 /* GGMusic.xcdatamodel */;
			path = GGMusic.xcdatamodeld;
			sourceTree = "<group>";
			versionGroupType = wrapper.xcdatamodel;
		};
/* End XCVersionGroup section */
	};
	rootObject = 291BF69C22BA824E009ACCF8 /* Project object */;
}
